// !$*UTF8*$!
{
	archiveVersion = 1;
	classes = {
	};
	objectVersion = 50;
	objects = {

/* Begin PBXBuildFile section */
		B66195EF228180B000A65762 /* NewsViewController.swift in Sources */ = {isa = PBXBuildFile; fileRef = B66195EE228180B000A65762 /* NewsViewController.swift */; };
		B66195F222818EBE00A65762 /* WebKit.framework in Frameworks */ = {isa = PBXBuildFile; fileRef = B66195F122818EBE00A65762 /* WebKit.framework */; };
		B66195F72281902100A65762 /* NewsTableViewCell.swift in Sources */ = {isa = PBXBuildFile; fileRef = B66195F62281902100A65762 /* NewsTableViewCell.swift */; };
		B6F3C83222732AA100139D8F /* AppDelegate.swift in Sources */ = {isa = PBXBuildFile; fileRef = B6F3C83122732AA100139D8F /* AppDelegate.swift */; };
		B6F3C83722732AA100139D8F /* Main.storyboard in Resources */ = {isa = PBXBuildFile; fileRef = B6F3C83522732AA100139D8F /* Main.storyboard */; };
		B6F3C83922732AA300139D8F /* Assets.xcassets in Resources */ = {isa = PBXBuildFile; fileRef = B6F3C83822732AA300139D8F /* Assets.xcassets */; };
		B6F3C83C22732AA300139D8F /* LaunchScreen.storyboard in Resources */ = {isa = PBXBuildFile; fileRef = B6F3C83A22732AA300139D8F /* LaunchScreen.storyboard */; };
		B6F3C84722732B2F00139D8F /* NewsFeedViewController.swift in Sources */ = {isa = PBXBuildFile; fileRef = B6F3C84622732B2F00139D8F /* NewsFeedViewController.swift */; };
		B6F3C84922732B4700139D8F /* NewsFeedPresenter.swift in Sources */ = {isa = PBXBuildFile; fileRef = B6F3C84822732B4700139D8F /* NewsFeedPresenter.swift */; };
		B6F3C84B22732B5400139D8F /* NewsFeedInteractor.swift in Sources */ = {isa = PBXBuildFile; fileRef = B6F3C84A22732B5400139D8F /* NewsFeedInteractor.swift */; };
		B6F3C84D22732B5F00139D8F /* NewsFeedRouter.swift in Sources */ = {isa = PBXBuildFile; fileRef = B6F3C84C22732B5F00139D8F /* NewsFeedRouter.swift */; };
		B6F3C84F22732BB500139D8F /* NewsFeedConfigurator.swift in Sources */ = {isa = PBXBuildFile; fileRef = B6F3C84E22732BB500139D8F /* NewsFeedConfigurator.swift */; };
		B6F3C85422732D3800139D8F /* News.swift in Sources */ = {isa = PBXBuildFile; fileRef = B6F3C85322732D3800139D8F /* News.swift */; };
		B6F3C8592276C87400139D8F /* ServerService.swift in Sources */ = {isa = PBXBuildFile; fileRef = B6F3C8582276C87400139D8F /* ServerService.swift */; };
/* End PBXBuildFile section */

/* Begin PBXFileReference section */
		B66195EE228180B000A65762 /* NewsViewController.swift */ = {isa = PBXFileReference; lastKnownFileType = sourcecode.swift; path = NewsViewController.swift; sourceTree = "<group>"; };
		B66195F122818EBE00A65762 /* WebKit.framework */ = {isa = PBXFileReference; lastKnownFileType = wrapper.framework; name = WebKit.framework; path = System/Library/Frameworks/WebKit.framework; sourceTree = SDKROOT; };
		B66195F62281902100A65762 /* NewsTableViewCell.swift */ = {isa = PBXFileReference; fileEncoding = 4; lastKnownFileType = sourcecode.swift; path = NewsTableViewCell.swift; sourceTree = "<group>"; };
		B6F3C82E22732AA100139D8F /* testApp.app */ = {isa = PBXFileReference; explicitFileType = wrapper.application; includeInIndex = 0; path = testApp.app; sourceTree = BUILT_PRODUCTS_DIR; };
		B6F3C83122732AA100139D8F /* AppDelegate.swift */ = {isa = PBXFileReference; lastKnownFileType = sourcecode.swift; path = AppDelegate.swift; sourceTree = "<group>"; };
		B6F3C83622732AA100139D8F /* Base */ = {isa = PBXFileReference; lastKnownFileType = file.storyboard; name = Base; path = Base.lproj/Main.storyboard; sourceTree = "<group>"; };
		B6F3C83822732AA300139D8F /* Assets.xcassets */ = {isa = PBXFileReference; lastKnownFileType = folder.assetcatalog; path = Assets.xcassets; sourceTree = "<group>"; };
		B6F3C83B22732AA300139D8F /* Base */ = {isa = PBXFileReference; lastKnownFileType = file.storyboard; name = Base; path = Base.lproj/LaunchScreen.storyboard; sourceTree = "<group>"; };
		B6F3C83D22732AA300139D8F /* Info.plist */ = {isa = PBXFileReference; lastKnownFileType = text.plist.xml; path = Info.plist; sourceTree = "<group>"; };
		B6F3C84622732B2F00139D8F /* NewsFeedViewController.swift */ = {isa = PBXFileReference; lastKnownFileType = sourcecode.swift; path = NewsFeedViewController.swift; sourceTree = "<group>"; };
		B6F3C84822732B4700139D8F /* NewsFeedPresenter.swift */ = {isa = PBXFileReference; lastKnownFileType = sourcecode.swift; path = NewsFeedPresenter.swift; sourceTree = "<group>"; };
		B6F3C84A22732B5400139D8F /* NewsFeedInteractor.swift */ = {isa = PBXFileReference; lastKnownFileType = sourcecode.swift; path = NewsFeedInteractor.swift; sourceTree = "<group>"; };
		B6F3C84C22732B5F00139D8F /* NewsFeedRouter.swift */ = {isa = PBXFileReference; lastKnownFileType = sourcecode.swift; path = NewsFeedRouter.swift; sourceTree = "<group>"; };
		B6F3C84E22732BB500139D8F /* NewsFeedConfigurator.swift */ = {isa = PBXFileReference; lastKnownFileType = sourcecode.swift; path = NewsFeedConfigurator.swift; sourceTree = "<group>"; };
		B6F3C85322732D3800139D8F /* News.swift */ = {isa = PBXFileReference; lastKnownFileType = sourcecode.swift; path = News.swift; sourceTree = "<group>"; };
		B6F3C8582276C87400139D8F /* ServerService.swift */ = {isa = PBXFileReference; lastKnownFileType = sourcecode.swift; path = ServerService.swift; sourceTree = "<group>"; };
/* End PBXFileReference section */

/* Begin PBXFrameworksBuildPhase section */
		B6F3C82B22732AA100139D8F /* Frameworks */ = {
			isa = PBXFrameworksBuildPhase;
			buildActionMask = 2147483647;
			files = (
				B66195F222818EBE00A65762 /* WebKit.framework in Frameworks */,
			);
			runOnlyForDeploymentPostprocessing = 0;
		};
/* End PBXFrameworksBuildPhase section */

/* Begin PBXGroup section */
		B66195ED2281807600A65762 /* News */ = {
			isa = PBXGroup;
			children = (
				B66195EE228180B000A65762 /* NewsViewController.swift */,
			);
			path = News;
			sourceTree = "<group>";
		};
		B66195F022818EBE00A65762 /* Frameworks */ = {
			isa = PBXGroup;
			children = (
				B66195F122818EBE00A65762 /* WebKit.framework */,
			);
			name = Frameworks;
			sourceTree = "<group>";
		};
		B66195F52281902100A65762 /* Cells */ = {
			isa = PBXGroup;
			children = (
				B66195F62281902100A65762 /* NewsTableViewCell.swift */,
			);
			path = Cells;
			sourceTree = "<group>";
		};
		B6F3C82522732AA100139D8F = {
			isa = PBXGroup;
			children = (
				B6F3C83022732AA100139D8F /* testApp */,
				B6F3C82F22732AA100139D8F /* Products */,
				B66195F022818EBE00A65762 /* Frameworks */,
			);
			sourceTree = "<group>";
		};
		B6F3C82F22732AA100139D8F /* Products */ = {
			isa = PBXGroup;
			children = (
				B6F3C82E22732AA100139D8F /* testApp.app */,
			);
			name = Products;
			sourceTree = "<group>";
		};
		B6F3C83022732AA100139D8F /* testApp */ = {
			isa = PBXGroup;
			children = (
				B6F3C84322732AAC00139D8F /* NewsFeed */,
				B66195ED2281807600A65762 /* News */,
				B6F3C85022732CFA00139D8F /* Entities */,
				B6F3C8552276C83A00139D8F /* Services */,
				B66195F52281902100A65762 /* Cells */,
				B6F3C83122732AA100139D8F /* AppDelegate.swift */,
				B6F3C83522732AA100139D8F /* Main.storyboard */,
				B6F3C83822732AA300139D8F /* Assets.xcassets */,
				B6F3C83A22732AA300139D8F /* LaunchScreen.storyboard */,
				B6F3C83D22732AA300139D8F /* Info.plist */,
			);
			path = testApp;
			sourceTree = "<group>";
		};
		B6F3C84322732AAC00139D8F /* NewsFeed */ = {
			isa = PBXGroup;
			children = (
				B6F3C84622732B2F00139D8F /* NewsFeedViewController.swift */,
				B6F3C84822732B4700139D8F /* NewsFeedPresenter.swift */,
				B6F3C84A22732B5400139D8F /* NewsFeedInteractor.swift */,
				B6F3C84C22732B5F00139D8F /* NewsFeedRouter.swift */,
				B6F3C84E22732BB500139D8F /* NewsFeedConfigurator.swift */,
			);
			path = NewsFeed;
			sourceTree = "<group>";
		};
		B6F3C85022732CFA00139D8F /* Entities */ = {
			isa = PBXGroup;
			children = (
				B6F3C85322732D3800139D8F /* News.swift */,
			);
			path = Entities;
			sourceTree = "<group>";
		};
		B6F3C8552276C83A00139D8F /* Services */ = {
			isa = PBXGroup;
			children = (
				B6F3C8582276C87400139D8F /* ServerService.swift */,
			);
			path = Services;
			sourceTree = "<group>";
		};
/* End PBXGroup section */

/* Begin PBXNativeTarget section */
		B6F3C82D22732AA100139D8F /* testApp */ = {
			isa = PBXNativeTarget;
			buildConfigurationList = B6F3C84022732AA300139D8F /* Build configuration list for PBXNativeTarget "testApp" */;
			buildPhases = (
				B6F3C82A22732AA100139D8F /* Sources */,
				B6F3C82B22732AA100139D8F /* Frameworks */,
				B6F3C82C22732AA100139D8F /* Resources */,
			);
			buildRules = (
			);
			dependencies = (
			);
			name = testApp;
			productName = testApp;
			productReference = B6F3C82E22732AA100139D8F /* testApp.app */;
			productType = "com.apple.product-type.application";
		};
/* End PBXNativeTarget section */

/* Begin PBXProject section */
		B6F3C82622732AA100139D8F /* Project object */ = {
			isa = PBXProject;
			attributes = {
				LastSwiftUpdateCheck = 1020;
				LastUpgradeCheck = 1020;
				ORGANIZATIONNAME = "Alexander Galkin";
				TargetAttributes = {
					B6F3C82D22732AA100139D8F = {
						CreatedOnToolsVersion = 10.2.1;
					};
				};
			};
			buildConfigurationList = B6F3C82922732AA100139D8F /* Build configuration list for PBXProject "testApp" */;
			compatibilityVersion = "Xcode 9.3";
			developmentRegion = en;
			hasScannedForEncodings = 0;
			knownRegions = (
				en,
				Base,
			);
			mainGroup = B6F3C82522732AA100139D8F;
			productRefGroup = B6F3C82F22732AA100139D8F /* Products */;
			projectDirPath = "";
			projectRoot = "";
			targets = (
				B6F3C82D22732AA100139D8F /* testApp */,
			);
		};
/* End PBXProject section */

/* Begin PBXResourcesBuildPhase section */
		B6F3C82C22732AA100139D8F /* Resources */ = {
			isa = PBXResourcesBuildPhase;
			buildActionMask = 2147483647;
			files = (
				B6F3C83C22732AA300139D8F /* LaunchScreen.storyboard in Resources */,
				B6F3C83922732AA300139D8F /* Assets.xcassets in Resources */,
				B6F3C83722732AA100139D8F /* Main.storyboard in Resources */,
			);
			runOnlyForDeploymentPostprocessing = 0;
		};
/* End PBXResourcesBuildPhase section */

/* Begin PBXSourcesBuildPhase section */
		B6F3C82A22732AA100139D8F /* Sources */ = {
			isa = PBXSourcesBuildPhase;
			buildActionMask = 2147483647;
			files = (
				B6F3C83222732AA100139D8F /* AppDelegate.swift in Sources */,
				B66195F72281902100A65762 /* NewsTableViewCell.swift in Sources */,
				B6F3C85422732D3800139D8F /* News.swift in Sources */,
				B66195EF228180B000A65762 /* NewsViewController.swift in Sources */,
				B6F3C84722732B2F00139D8F /* NewsFeedViewController.swift in Sources */,
				B6F3C84D22732B5F00139D8F /* NewsFeedRouter.swift in Sources */,
				B6F3C8592276C87400139D8F /* ServerService.swift in Sources */,
				B6F3C84922732B4700139D8F /* NewsFeedPresenter.swift in Sources */,
				B6F3C84B22732B5400139D8F /* NewsFeedInteractor.swift in Sources */,
				B6F3C84F22732BB500139D8F /* NewsFeedConfigurator.swift in Sources */,
			);
			runOnlyForDeploymentPostprocessing = 0;
		};
/* End PBXSourcesBuildPhase section */

/* Begin PBXVariantGroup section */
		B6F3C83522732AA100139D8F /* Main.storyboard */ = {
			isa = PBXVariantGroup;
			children = (
				B6F3C83622732AA100139D8F /* Base */,
			);
			name = Main.storyboard;
			sourceTree = "<group>";
		};
		B6F3C83A22732AA300139D8F /* LaunchScreen.storyboard */ = {
			isa = PBXVariantGroup;
			children = (
				B6F3C83B22732AA300139D8F /* Base */,
			);
			name = LaunchScreen.storyboard;
			sourceTree = "<group>";
		};
/* End PBXVariantGroup section */

/* Begin XCBuildConfiguration section */
		B6F3C83E22732AA300139D8F /* Debug */ = {
			isa = XCBuildConfiguration;
			buildSettings = {
				ALWAYS_SEARCH_USER_PATHS = NO;
				CLANG_ANALYZER_NONNULL = YES;
				CLANG_ANALYZER_NUMBER_OBJECT_CONVERSION = YES_AGGRESSIVE;
				CLANG_CXX_LANGUAGE_STANDARD = "gnu++14";
				CLANG_CXX_LIBRARY = "libc++";
				CLANG_ENABLE_MODULES = YES;
				CLANG_ENABLE_OBJC_ARC = YES;
				CLANG_ENABLE_OBJC_WEAK = YES;
				CLANG_WARN_BLOCK_CAPTURE_AUTORELEASING = YES;
				CLANG_WARN_BOOL_CONVERSION = YES;
				CLANG_WARN_COMMA = YES;
				CLANG_WARN_CONSTANT_CONVERSION = YES;
				CLANG_WARN_DEPRECATED_OBJC_IMPLEMENTATIONS = YES;
				CLANG_WARN_DIRECT_OBJC_ISA_USAGE = YES_ERROR;
				CLANG_WARN_DOCUMENTATION_COMMENTS = YES;
				CLANG_WARN_EMPTY_BODY = YES;
				CLANG_WARN_ENUM_CONVERSION = YES;
				CLANG_WARN_INFINITE_RECURSION = YES;
				CLANG_WARN_INT_CONVERSION = YES;
				CLANG_WARN_NON_LITERAL_NULL_CONVERSION = YES;
				CLANG_WARN_OBJC_IMPLICIT_RETAIN_SELF = YES;
				CLANG_WARN_OBJC_LITERAL_CONVERSION = YES;
				CLANG_WARN_OBJC_ROOT_CLASS = YES_ERROR;
				CLANG_WARN_RANGE_LOOP_ANALYSIS = YES;
				CLANG_WARN_STRICT_PROTOTYPES = YES;
				CLANG_WARN_SUSPICIOUS_MOVE = YES;
				CLANG_WARN_UNGUARDED_AVAILABILITY = YES_AGGRESSIVE;
				CLANG_WARN_UNREACHABLE_CODE = YES;
				CLANG_WARN__DUPLICATE_METHOD_MATCH = YES;
				CODE_SIGN_IDENTITY = "iPhone Developer";
				COPY_PHASE_STRIP = NO;
				DEBUG_INFORMATION_FORMAT = dwarf;
				ENABLE_STRICT_OBJC_MSGSEND = YES;
				ENABLE_TESTABILITY = YES;
				GCC_C_LANGUAGE_STANDARD = gnu11;
				GCC_DYNAMIC_NO_PIC = NO;
				GCC_NO_COMMON_BLOCKS = YES;
				GCC_OPTIMIZATION_LEVEL = 0;
				GCC_PREPROCESSOR_DEFINITIONS = (
					"DEBUG=1",
					"$(inherited)",
				);
				GCC_WARN_64_TO_32_BIT_CONVERSION = YES;
				GCC_WARN_ABOUT_RETURN_TYPE = YES_ERROR;
				GCC_WARN_UNDECLARED_SELECTOR = YES;
				GCC_WARN_UNINITIALIZED_AUTOS = YES_AGGRESSIVE;
				GCC_WARN_UNUSED_FUNCTION = YES;
				GCC_WARN_UNUSED_VARIABLE = YES;
				IPHONEOS_DEPLOYMENT_TARGET = 12.2;
				MTL_ENABLE_DEBUG_INFO = INCLUDE_SOURCE;
				MTL_FAST_MATH = YES;
				ONLY_ACTIVE_ARCH = YES;
				SDKROOT = iphoneos;
				SWIFT_ACTIVE_COMPILATION_CONDITIONS = DEBUG;
				SWIFT_OPTIMIZATION_LEVEL = "-Onone";
			};
			name = Debug;
		};
		B6F3C83F22732AA300139D8F /* Release */ = {
			isa = XCBuildConfiguration;
			buildSettings = {
				ALWAYS_SEARCH_USER_PATHS = NO;
				CLANG_ANALYZER_NONNULL = YES;
				CLANG_ANALYZER_NUMBER_OBJECT_CONVERSION = YES_AGGRESSIVE;
				CLANG_CXX_LANGUAGE_STANDARD = "gnu++14";
				CLANG_CXX_LIBRARY = "libc++";
				CLANG_ENABLE_MODULES = YES;
				CLANG_ENABLE_OBJC_ARC = YES;
				CLANG_ENABLE_OBJC_WEAK = YES;
				CLANG_WARN_BLOCK_CAPTURE_AUTORELEASING = YES;
				CLANG_WARN_BOOL_CONVERSION = YES;
				CLANG_WARN_COMMA = YES;
				CLANG_WARN_CONSTANT_CONVERSION = YES;
				CLANG_WARN_DEPRECATED_OBJC_IMPLEMENTATIONS = YES;
				CLANG_WARN_DIRECT_OBJC_ISA_USAGE = YES_ERROR;
				CLANG_WARN_DOCUMENTATION_COMMENTS = YES;
				CLANG_WARN_EMPTY_BODY = YES;
				CLANG_WARN_ENUM_CONVERSION = YES;
				CLANG_WARN_INFINITE_RECURSION = YES;
				CLANG_WARN_INT_CONVERSION = YES;
				CLANG_WARN_NON_LITERAL_NULL_CONVERSION = YES;
				CLANG_WARN_OBJC_IMPLICIT_RETAIN_SELF = YES;
				CLANG_WARN_OBJC_LITERAL_CONVERSION = YES;
				CLANG_WARN_OBJC_ROOT_CLASS = YES_ERROR;
				CLANG_WARN_RANGE_LOOP_ANALYSIS = YES;
				CLANG_WARN_STRICT_PROTOTYPES = YES;
				CLANG_WARN_SUSPICIOUS_MOVE = YES;
				CLANG_WARN_UNGUARDED_AVAILABILITY = YES_AGGRESSIVE;
				CLANG_WARN_UNREACHABLE_CODE = YES;
				CLANG_WARN__DUPLICATE_METHOD_MATCH = YES;
				CODE_SIGN_IDENTITY = "iPhone Developer";
				COPY_PHASE_STRIP = NO;
				DEBUG_INFORMATION_FORMAT = "dwarf-with-dsym";
				ENABLE_NS_ASSERTIONS = NO;
				ENABLE_STRICT_OBJC_MSGSEND = YES;
				GCC_C_LANGUAGE_STANDARD = gnu11;
				GCC_NO_COMMON_BLOCKS = YES;
				GCC_WARN_64_TO_32_BIT_CONVERSION = YES;
				GCC_WARN_ABOUT_RETURN_TYPE = YES_ERROR;
				GCC_WARN_UNDECLARED_SELECTOR = YES;
				GCC_WARN_UNINITIALIZED_AUTOS = YES_AGGRESSIVE;
				GCC_WARN_UNUSED_FUNCTION = YES;
				GCC_WARN_UNUSED_VARIABLE = YES;
				IPHONEOS_DEPLOYMENT_TARGET = 12.2;
				MTL_ENABLE_DEBUG_INFO = NO;
				MTL_FAST_MATH = YES;
				SDKROOT = iphoneos;
				SWIFT_COMPILATION_MODE = wholemodule;
				SWIFT_OPTIMIZATION_LEVEL = "-O";
				VALIDATE_PRODUCT = YES;
			};
			name = Release;
		};
		B6F3C84122732AA300139D8F /* Debug */ = {
			isa = XCBuildConfiguration;
			buildSettings = {
				ASSETCATALOG_COMPILER_APPICON_NAME = AppIcon;
				CODE_SIGN_STYLE = Automatic;
				INFOPLIST_FILE = testApp/Info.plist;
				IPHONEOS_DEPLOYMENT_TARGET = 12.0;
				LD_RUNPATH_SEARCH_PATHS = (
					"$(inherited)",
					"@executable_path/Frameworks",
				);
				PRODUCT_BUNDLE_IDENTIFIER = AG.testApp;
				PRODUCT_NAME = "$(TARGET_NAME)";
				SWIFT_VERSION = 4.2;
				TARGETED_DEVICE_FAMILY = "1,2";
			};
			name = Debug;
		};
		B6F3C84222732AA300139D8F /* Release */ = {
			isa = XCBuildConfiguration;
			buildSettings = {
				ASSETCATALOG_COMPILER_APPICON_NAME = AppIcon;
				CODE_SIGN_STYLE = Automatic;
				INFOPLIST_FILE = testApp/Info.plist;
				IPHONEOS_DEPLOYMENT_TARGET = 12.0;
				LD_RUNPATH_SEARCH_PATHS = (
					"$(inherited)",
					"@executable_path/Frameworks",
				);
				PRODUCT_BUNDLE_IDENTIFIER = AG.testApp;
				PRODUCT_NAME = "$(TARGET_NAME)";
				SWIFT_VERSION = 4.2;
				TARGETED_DEVICE_FAMILY = "1,2";
			};
			name = Release;
		};
/* End XCBuildConfiguration section */

/* Begin XCConfigurationList section */
		B6F3C82922732AA100139D8F /* Build configuration list for PBXProject "testApp" */ = {
			isa = XCConfigurationList;
			buildConfigurations = (
				B6F3C83E22732AA300139D8F /* Debug */,
				B6F3C83F22732AA300139D8F /* Release */,
			);
			defaultConfigurationIsVisible = 0;
			defaultConfigurationName = Release;
		};
		B6F3C84022732AA300139D8F /* Build configuration list for PBXNativeTarget "testApp" */ = {
			isa = XCConfigurationList;
			buildConfigurations = (
				B6F3C84122732AA300139D8F /* Debug */,
				B6F3C84222732AA300139D8F /* Release */,
			);
			defaultConfigurationIsVisible = 0;
			defaultConfigurationName = Release;
		};
/* End XCConfigurationList section */
	};
	rootObject = B6F3C82622732AA100139D8F /* Project object */;
}
